
Microsoft Visual Studio Solution File, Format Version 12.00
# Visual Studio Version 17
VisualStudioVersion = 17.0.31903.59
MinimumVisualStudioVersion = 10.0.40219.1
Project("{E24C65DC-7377-472B-9ABA-BC803B73C61A}") = "mhGAP", ".", "{A88CBC5C-A06A-40A5-BF1C-BDF6E8A88C48}"
	ProjectSection(WebsiteProperties) = preProject
		TargetFrameworkMoniker = ".NETFramework,Version%3Dv4.7"
		Debug.AspNetCompiler.VirtualPath = "/localhost_58740"
		Debug.AspNetCompiler.PhysicalPath = "..\mhGAP\"
		Debug.AspNetCompiler.TargetPath = "PrecompiledWeb\localhost_58740\"
		Debug.AspNetCompiler.Updateable = "true"
		Debug.AspNetCompiler.ForceOverwrite = "true"
		Debug.AspNetCompiler.FixedNames = "false"
		Debug.AspNetCompiler.Debug = "True"
		Release.AspNetCompiler.VirtualPath = "/localhost_58740"
		Release.AspNetCompiler.PhysicalPath = "..\mhGAP\"
		Release.AspNetCompiler.TargetPath = "PrecompiledWeb\localhost_58740\"
		Release.AspNetCompiler.Updateable = "true"
		Release.AspNetCompiler.ForceOverwrite = "true"
		Release.AspNetCompiler.FixedNames = "false"
		Release.AspNetCompiler.Debug = "False"
		VWDPort = "58740"
		SlnRelativePath = "..\mhGAP\"
		DefaultWebSiteLanguage = "Visual C#"
	EndProjectSection
EndProject
Global
	GlobalSection(SolutionConfigurationPlatforms) = preSolution
		Debug|Any CPU = Debug|Any CPU
	EndGlobalSection
	GlobalSection(ProjectConfigurationPlatforms) = postSolution
		{A88CBC5C-A06A-40A5-BF1C-BDF6E8A88C48}.Debug|Any CPU.ActiveCfg = Debug|Any CPU
		{A88CBC5C-A06A-40A5-BF1C-BDF6E8A88C48}.Debug|Any CPU.Build.0 = Debug|Any CPU
	EndGlobalSection
	GlobalSection(SolutionProperties) = preSolution
		HideSolutionNode = FALSE
	EndGlobalSection
	GlobalSection(ExtensibilityGlobals) = postSolution
		SolutionGuid = {25F1CF29-E8FF-4B4F-82DA-48AE3460FE02}
	EndGlobalSection
EndGlobal
